{
    "_meta": {
        "hash": {
            "sha256": "ee7a577375941c5b7c5ff508b9e21b2ef10973dbc1ef14e0e6fc49006bfb5a76"
        },
        "pipfile-spec": 6,
        "requires": {
            "python_version": "3.9"
        },
        "sources": [
            {
                "name": "pypi",
                "url": "https://pypi.org/simple",
                "verify_ssl": true
            }
        ]
    },
    "default": {
        "install": {
            "hashes": [
                "sha256:0d3fadf4aa62c95efe8d34757c8507eb46177f86c016c21c6551eafc6a53d5a9",
                "sha256:e67c8a0be5ccf8cb4ffa17d090f3a61b6e820e6a7e21cd1d2c0f7bc59b18e647"
            ],
            "index": "pypi",
            "version": "==1.3.5"
        },
        "pybindgen": {
            "hashes": [
                "sha256:21612f4806a2af25a175716d7e694563af7e10c704538a350cb595d187952f6f",
                "sha256:5b4837d3138ac56863d93fe462f1dac39fb87bd50898e0da4c57fefd645437ac"
            ],
            "index": "pypi",
            "version": "==0.22.0"
        },
        "setuptools": {
            "hashes": [
                "sha256:4f783948909b28124388eef286572e9e69c228b6866d44ac7475bd82e94b6503",
                "sha256:5d7a302d3c3ae24d3bbaaecf5c4544056b2dd44b3e6690014dc096d64f12d672"
            ],
            "index": "pypi",
            "version": "==60.8.0"
        },
        "wheel": {
            "hashes": [
                "sha256:4bdcd7d840138086126cd09254dc6195fb4fc6f01c050a1d7236f2630db1d22a",
                "sha256:e9a504e793efbca1b8e0e9cb979a249cf4a0a7b5b8c9e8b65a5e39d49529c1c4"
            ],
            "index": "pypi",
            "version": "==0.37.1"
        }
    },
    "develop": {}
}
